{
  "name": "mc-hack-proxy",
  "version": "1.0.0",
  "lockfileVersion": 1,
  "requires": true,
  "dependencies": {
    "@types/node": {
      "version": "11.11.3",
      "resolved": "https://registry.npmjs.org/@types/node/-/node-11.11.3.tgz",
      "integrity": "sha512-wp6IOGu1lxsfnrD+5mX6qwSwWuqsdkKKxTN4aQc4wByHAKZJf9/D4KXPQ1POUjEbnCP5LMggB0OEFNY9OTsMqg==",
      "dev": true
    },
    "mcproto": {
      "version": "0.5.4",
      "resolved": "https://registry.npmjs.org/mcproto/-/mcproto-0.5.4.tgz",
      "integrity": "sha512-1nSmA9wi43pSOkD+4R4J8N4btgXXPlHhB5wxF48nk4sC+sWr7vMVTo5UTwYmrujtbnB0rcFYt+N7aAcBsxZ1Ew==",
      "requires": {
        "node-fetch": "^2.3.0"
      }
    },
    "minecraft-folder-path": {
      "version": "1.1.0",
      "resolved": "https://registry.npmjs.org/minecraft-folder-path/-/minecraft-folder-path-1.1.0.tgz",
      "integrity": "sha512-Qee3g4DjXIPdioUtXPXrsrIBb2CqC+dS9LD9yoWVhHEJo+c0xbzndHE0k9KWVJDo+sK3Kb106V0Xvsov9vqQMw==",
      "requires": {
        "user-settings-dir": "0.0.3"
      }
    },
    "nbt-ts": {
      "version": "0.1.1",
      "resolved": "https://registry.npmjs.org/nbt-ts/-/nbt-ts-0.1.1.tgz",
      "integrity": "sha512-+EDIKVJOsFQVv4I4A5LtgNAipdA4LmXe/yQ02Fn0tJdo3WKzDAM2HQq9itBMmHeCBh8YBFxbAt0G5nzp8W54cA=="
    },
    "node-fetch": {
      "version": "2.3.0",
      "resolved": "https://registry.npmjs.org/node-fetch/-/node-fetch-2.3.0.tgz",
      "integrity": "sha512-MOd8pV3fxENbryESLgVIeaGKrdl+uaYhCSSVkjeOb/31/njTpcis5aWfdqgNlHIrKOLRbMnfPINPOML2CIFeXA=="
    },
    "typescript": {
      "version": "3.3.3333",
      "resolved": "https://registry.npmjs.org/typescript/-/typescript-3.3.3333.tgz",
      "integrity": "sha512-JjSKsAfuHBE/fB2oZ8NxtRTk5iGcg6hkYXMnZ3Wc+b2RSqejEqTaem11mHASMnFilHrax3sLK0GDzcJrekZYLw==",
      "dev": true
    },
    "user-settings-dir": {
      "version": "0.0.3",
      "resolved": "https://registry.npmjs.org/user-settings-dir/-/user-settings-dir-0.0.3.tgz",
      "integrity": "sha1-mgLCvhLNbTQldHc5v4soTIHvqXc="
    }
  }
}
